
Microsoft Visual Studio Solution File, Format Version 12.00
# Visual Studio Version 16
VisualStudioVersion = 16.0.31402.337
MinimumVisualStudioVersion = 10.0.40219.1
Project("{FAE04EC0-301F-11D3-BF4B-00C04F79EFBC}") = "DataAccess", "DataAccess\DataAccess.csproj", "{E63F318A-650A-4606-AF9B-94F27DDCECBF}"
EndProject
Project("{FAE04EC0-301F-11D3-BF4B-00C04F79EFBC}") = "Entities", "Entities\Entities.csproj", "{2CF3E39D-6A34-43E0-8F85-5CC1E9DFA51F}"
EndProject
Project("{FAE04EC0-301F-11D3-BF4B-00C04F79EFBC}") = "Core", "Core\Core.csproj", "{DF14336A-578C-48D8-A308-6303B6936756}"
EndProject
Project("{FAE04EC0-301F-11D3-BF4B-00C04F79EFBC}") = "Business", "Business\Business.csproj", "{CF4CCF43-0982-468D-B7FA-B5302693F63B}"
EndProject
Project("{FAE04EC0-301F-11D3-BF4B-00C04F79EFBC}") = "WebAPI", "WebAPI\WebAPI.csproj", "{F06B2672-99B6-4488-BB7C-B0BCBCC825B5}"
EndProject
Global
	GlobalSection(SolutionConfigurationPlatforms) = preSolution
		Debug|Any CPU = Debug|Any CPU
		Release|Any CPU = Release|Any CPU
	EndGlobalSection
	GlobalSection(ProjectConfigurationPlatforms) = postSolution
		{E63F318A-650A-4606-AF9B-94F27DDCECBF}.Debug|Any CPU.ActiveCfg = Debug|Any CPU
		{E63F318A-650A-4606-AF9B-94F27DDCECBF}.Debug|Any CPU.Build.0 = Debug|Any CPU
		{E63F318A-650A-4606-AF9B-94F27DDCECBF}.Release|Any CPU.ActiveCfg = Release|Any CPU
		{E63F318A-650A-4606-AF9B-94F27DDCECBF}.Release|Any CPU.Build.0 = Release|Any CPU
		{2CF3E39D-6A34-43E0-8F85-5CC1E9DFA51F}.Debug|Any CPU.ActiveCfg = Debug|Any CPU
		{2CF3E39D-6A34-43E0-8F85-5CC1E9DFA51F}.Debug|Any CPU.Build.0 = Debug|Any CPU
		{2CF3E39D-6A34-43E0-8F85-5CC1E9DFA51F}.Release|Any CPU.ActiveCfg = Release|Any CPU
		{2CF3E39D-6A34-43E0-8F85-5CC1E9DFA51F}.Release|Any CPU.Build.0 = Release|Any CPU
		{DF14336A-578C-48D8-A308-6303B6936756}.Debug|Any CPU.ActiveCfg = Debug|Any CPU
		{DF14336A-578C-48D8-A308-6303B6936756}.Debug|Any CPU.Build.0 = Debug|Any CPU
		{DF14336A-578C-48D8-A308-6303B6936756}.Release|Any CPU.ActiveCfg = Release|Any CPU
		{DF14336A-578C-48D8-A308-6303B6936756}.Release|Any CPU.Build.0 = Release|Any CPU
		{CF4CCF43-0982-468D-B7FA-B5302693F63B}.Debug|Any CPU.ActiveCfg = Debug|Any CPU
		{CF4CCF43-0982-468D-B7FA-B5302693F63B}.Debug|Any CPU.Build.0 = Debug|Any CPU
		{CF4CCF43-0982-468D-B7FA-B5302693F63B}.Release|Any CPU.ActiveCfg = Release|Any CPU
		{CF4CCF43-0982-468D-B7FA-B5302693F63B}.Release|Any CPU.Build.0 = Release|Any CPU
		{F06B2672-99B6-4488-BB7C-B0BCBCC825B5}.Debug|Any CPU.ActiveCfg = Debug|Any CPU
		{F06B2672-99B6-4488-BB7C-B0BCBCC825B5}.Debug|Any CPU.Build.0 = Debug|Any CPU
		{F06B2672-99B6-4488-BB7C-B0BCBCC825B5}.Release|Any CPU.ActiveCfg = Release|Any CPU
		{F06B2672-99B6-4488-BB7C-B0BCBCC825B5}.Release|Any CPU.Build.0 = Release|Any CPU
	EndGlobalSection
	GlobalSection(SolutionProperties) = preSolution
		HideSolutionNode = FALSE
	EndGlobalSection
	GlobalSection(ExtensibilityGlobals) = postSolution
		SolutionGuid = {FCB23E5E-2321-4F79-A086-ADD51C0B67FD}
	EndGlobalSection
EndGlobal
